
Microsoft Visual Studio Solution File, Format Version 12.00
# Visual Studio Version 16
VisualStudioVersion = 16.0.34301.259
MinimumVisualStudioVersion = 10.0.40219.1
Project("{FAE04EC0-301F-11D3-BF4B-00C04F79EFBC}") = "BetterShipUpgrades", "BetterShipUpgrades.csproj", "{8A5B22CF-72BF-4F7C-A07D-0AAF4E8480EC}"
EndProject
Global
	GlobalSection(SolutionConfigurationPlatforms) = preSolution
		Debug|Any CPU = Debug|Any CPU
		Release|Any CPU = Release|Any CPU
	EndGlobalSection
	GlobalSection(ProjectConfigurationPlatforms) = postSolution
		{8A5B22CF-72BF-4F7C-A07D-0AAF4E8480EC}.Debug|Any CPU.ActiveCfg = Debug|Any CPU
		{8A5B22CF-72BF-4F7C-A07D-0AAF4E8480EC}.Debug|Any CPU.Build.0 = Debug|Any CPU
		{8A5B22CF-72BF-4F7C-A07D-0AAF4E8480EC}.Release|Any CPU.ActiveCfg = Release|Any CPU
		{8A5B22CF-72BF-4F7C-A07D-0AAF4E8480EC}.Release|Any CPU.Build.0 = Release|Any CPU
	EndGlobalSection
	GlobalSection(SolutionProperties) = preSolution
		HideSolutionNode = FALSE
	EndGlobalSection
	GlobalSection(ExtensibilityGlobals) = postSolution
		SolutionGuid = {DCEAE740-DA66-4F93-A0DB-A9E683D4E532}
	EndGlobalSection
EndGlobal
